
Microsoft Visual Studio Solution File, Format Version 12.00
# Visual Studio 2013
VisualStudioVersion = 12.0.30723.0
MinimumVisualStudioVersion = 10.0.40219.1
Project("{FAE04EC0-301F-11D3-BF4B-00C04F79EFBC}") = "Aether", "Aether\Aether.csproj", "{94E5C2C9-99DA-4DF6-8D13-A09F27B86DB8}"
EndProject
Global
	GlobalSection(SolutionConfigurationPlatforms) = preSolution
		Debug|Any CPU = Debug|Any CPU
		Release|Any CPU = Release|Any CPU
	EndGlobalSection
	GlobalSection(ProjectConfigurationPlatforms) = postSolution
		{94E5C2C9-99DA-4DF6-8D13-A09F27B86DB8}.Debug|Any CPU.ActiveCfg = Debug|Any CPU
		{94E5C2C9-99DA-4DF6-8D13-A09F27B86DB8}.Debug|Any CPU.Build.0 = Debug|Any CPU
		{94E5C2C9-99DA-4DF6-8D13-A09F27B86DB8}.Release|Any CPU.ActiveCfg = Release|Any CPU
		{94E5C2C9-99DA-4DF6-8D13-A09F27B86DB8}.Release|Any CPU.Build.0 = Release|Any CPU
	EndGlobalSection
	GlobalSection(SolutionProperties) = preSolution
		HideSolutionNode = FALSE
	EndGlobalSection
EndGlobal
